
Microsoft Visual Studio Solution File, Format Version 12.00
# Visual Studio 15
VisualStudioVersion = 15.0.28307.168
MinimumVisualStudioVersion = 10.0.40219.1
Project("{9A19103F-16F7-4668-BE54-9A1E7A4F7556}") = "Kasay.DependencyProperty.UWP.Fody", "Kasay.DependencyProperty.UWP.Fody\Kasay.DependencyProperty.UWP.Fody.csproj", "{B21FDCB2-CCAE-4276-B0DF-DAF625E60C8F}"
EndProject
Project("{FAE04EC0-301F-11D3-BF4B-00C04F79EFBC}") = "Sample", "Sample\Sample.csproj", "{8542E574-2969-4889-A751-3307C9273065}"
EndProject
Project("{9A19103F-16F7-4668-BE54-9A1E7A4F7556}") = "Kasay.DependencyProperty.UWP", "Kasay.DependencyProperty.UWP\Kasay.DependencyProperty.UWP.csproj", "{0AA6D835-7D72-447C-8EA3-CD9ACEFB60DB}"
EndProject
Project("{FAE04EC0-301F-11D3-BF4B-00C04F79EFBC}") = "AssemblyProcessed", "AssemblyProcessed\AssemblyProcessed.csproj", "{9A12DE3A-F9A7-495F-AB08-7C0894BBA65C}"
EndProject
Global
	GlobalSection(SolutionConfigurationPlatforms) = preSolution
		Debug|Any CPU = Debug|Any CPU
		Debug|ARM = Debug|ARM
		Debug|ARM64 = Debug|ARM64
		Debug|x64 = Debug|x64
		Debug|x86 = Debug|x86
		Release|Any CPU = Release|Any CPU
		Release|ARM = Release|ARM
		Release|ARM64 = Release|ARM64
		Release|x64 = Release|x64
		Release|x86 = Release|x86
	EndGlobalSection
	GlobalSection(ProjectConfigurationPlatforms) = postSolution
		{B21FDCB2-CCAE-4276-B0DF-DAF625E60C8F}.Debug|Any CPU.ActiveCfg = Debug|Any CPU
		{B21FDCB2-CCAE-4276-B0DF-DAF625E60C8F}.Debug|Any CPU.Build.0 = Debug|Any CPU
		{B21FDCB2-CCAE-4276-B0DF-DAF625E60C8F}.Debug|ARM.ActiveCfg = Debug|Any CPU
		{B21FDCB2-CCAE-4276-B0DF-DAF625E60C8F}.Debug|ARM.Build.0 = Debug|Any CPU
		{B21FDCB2-CCAE-4276-B0DF-DAF625E60C8F}.Debug|ARM64.ActiveCfg = Debug|Any CPU
		{B21FDCB2-CCAE-4276-B0DF-DAF625E60C8F}.Debug|ARM64.Build.0 = Debug|Any CPU
		{B21FDCB2-CCAE-4276-B0DF-DAF625E60C8F}.Debug|x64.ActiveCfg = Debug|Any CPU
		{B21FDCB2-CCAE-4276-B0DF-DAF625E60C8F}.Debug|x64.Build.0 = Debug|Any CPU
		{B21FDCB2-CCAE-4276-B0DF-DAF625E60C8F}.Debug|x86.ActiveCfg = Debug|Any CPU
		{B21FDCB2-CCAE-4276-B0DF-DAF625E60C8F}.Debug|x86.Build.0 = Debug|Any CPU
		{B21FDCB2-CCAE-4276-B0DF-DAF625E60C8F}.Release|Any CPU.ActiveCfg = Release|Any CPU
		{B21FDCB2-CCAE-4276-B0DF-DAF625E60C8F}.Release|Any CPU.Build.0 = Release|Any CPU
		{B21FDCB2-CCAE-4276-B0DF-DAF625E60C8F}.Release|ARM.ActiveCfg = Release|Any CPU
		{B21FDCB2-CCAE-4276-B0DF-DAF625E60C8F}.Release|ARM.Build.0 = Release|Any CPU
		{B21FDCB2-CCAE-4276-B0DF-DAF625E60C8F}.Release|ARM64.ActiveCfg = Release|Any CPU
		{B21FDCB2-CCAE-4276-B0DF-DAF625E60C8F}.Release|ARM64.Build.0 = Release|Any CPU
		{B21FDCB2-CCAE-4276-B0DF-DAF625E60C8F}.Release|x64.ActiveCfg = Release|Any CPU
		{B21FDCB2-CCAE-4276-B0DF-DAF625E60C8F}.Release|x64.Build.0 = Release|Any CPU
		{B21FDCB2-CCAE-4276-B0DF-DAF625E60C8F}.Release|x86.ActiveCfg = Release|Any CPU
		{B21FDCB2-CCAE-4276-B0DF-DAF625E60C8F}.Release|x86.Build.0 = Release|Any CPU
		{8542E574-2969-4889-A751-3307C9273065}.Debug|Any CPU.ActiveCfg = Debug|x86
		{8542E574-2969-4889-A751-3307C9273065}.Debug|ARM.ActiveCfg = Debug|ARM
		{8542E574-2969-4889-A751-3307C9273065}.Debug|ARM.Build.0 = Debug|ARM
		{8542E574-2969-4889-A751-3307C9273065}.Debug|ARM.Deploy.0 = Debug|ARM
		{8542E574-2969-4889-A751-3307C9273065}.Debug|ARM64.ActiveCfg = Debug|ARM64
		{8542E574-2969-4889-A751-3307C9273065}.Debug|ARM64.Build.0 = Debug|ARM64
		{8542E574-2969-4889-A751-3307C9273065}.Debug|ARM64.Deploy.0 = Debug|ARM64
		{8542E574-2969-4889-A751-3307C9273065}.Debug|x64.ActiveCfg = Debug|x64
		{8542E574-2969-4889-A751-3307C9273065}.Debug|x64.Build.0 = Debug|x64
		{8542E574-2969-4889-A751-3307C9273065}.Debug|x64.Deploy.0 = Debug|x64
		{8542E574-2969-4889-A751-3307C9273065}.Debug|x86.ActiveCfg = Debug|x86
		{8542E574-2969-4889-A751-3307C9273065}.Debug|x86.Build.0 = Debug|x86
		{8542E574-2969-4889-A751-3307C9273065}.Debug|x86.Deploy.0 = Debug|x86
		{8542E574-2969-4889-A751-3307C9273065}.Release|Any CPU.ActiveCfg = Release|x86
		{8542E574-2969-4889-A751-3307C9273065}.Release|ARM.ActiveCfg = Release|ARM
		{8542E574-2969-4889-A751-3307C9273065}.Release|ARM.Build.0 = Release|ARM
		{8542E574-2969-4889-A751-3307C9273065}.Release|ARM.Deploy.0 = Release|ARM
		{8542E574-2969-4889-A751-3307C9273065}.Release|ARM64.ActiveCfg = Release|ARM64
		{8542E574-2969-4889-A751-3307C9273065}.Release|ARM64.Build.0 = Release|ARM64
		{8542E574-2969-4889-A751-3307C9273065}.Release|ARM64.Deploy.0 = Release|ARM64
		{8542E574-2969-4889-A751-3307C9273065}.Release|x64.ActiveCfg = Release|x64
		{8542E574-2969-4889-A751-3307C9273065}.Release|x64.Build.0 = Release|x64
		{8542E574-2969-4889-A751-3307C9273065}.Release|x64.Deploy.0 = Release|x64
		{8542E574-2969-4889-A751-3307C9273065}.Release|x86.ActiveCfg = Release|x86
		{8542E574-2969-4889-A751-3307C9273065}.Release|x86.Build.0 = Release|x86
		{8542E574-2969-4889-A751-3307C9273065}.Release|x86.Deploy.0 = Release|x86
		{0AA6D835-7D72-447C-8EA3-CD9ACEFB60DB}.Debug|Any CPU.ActiveCfg = Debug|Any CPU
		{0AA6D835-7D72-447C-8EA3-CD9ACEFB60DB}.Debug|Any CPU.Build.0 = Debug|Any CPU
		{0AA6D835-7D72-447C-8EA3-CD9ACEFB60DB}.Debug|ARM.ActiveCfg = Debug|Any CPU
		{0AA6D835-7D72-447C-8EA3-CD9ACEFB60DB}.Debug|ARM.Build.0 = Debug|Any CPU
		{0AA6D835-7D72-447C-8EA3-CD9ACEFB60DB}.Debug|ARM64.ActiveCfg = Debug|Any CPU
		{0AA6D835-7D72-447C-8EA3-CD9ACEFB60DB}.Debug|ARM64.Build.0 = Debug|Any CPU
		{0AA6D835-7D72-447C-8EA3-CD9ACEFB60DB}.Debug|x64.ActiveCfg = Debug|Any CPU
		{0AA6D835-7D72-447C-8EA3-CD9ACEFB60DB}.Debug|x64.Build.0 = Debug|Any CPU
		{0AA6D835-7D72-447C-8EA3-CD9ACEFB60DB}.Debug|x86.ActiveCfg = Debug|Any CPU
		{0AA6D835-7D72-447C-8EA3-CD9ACEFB60DB}.Debug|x86.Build.0 = Debug|Any CPU
		{0AA6D835-7D72-447C-8EA3-CD9ACEFB60DB}.Release|Any CPU.ActiveCfg = Release|Any CPU
		{0AA6D835-7D72-447C-8EA3-CD9ACEFB60DB}.Release|Any CPU.Build.0 = Release|Any CPU
		{0AA6D835-7D72-447C-8EA3-CD9ACEFB60DB}.Release|ARM.ActiveCfg = Release|Any CPU
		{0AA6D835-7D72-447C-8EA3-CD9ACEFB60DB}.Release|ARM.Build.0 = Release|Any CPU
		{0AA6D835-7D72-447C-8EA3-CD9ACEFB60DB}.Release|ARM64.ActiveCfg = Release|Any CPU
		{0AA6D835-7D72-447C-8EA3-CD9ACEFB60DB}.Release|ARM64.Build.0 = Release|Any CPU
		{0AA6D835-7D72-447C-8EA3-CD9ACEFB60DB}.Release|x64.ActiveCfg = Release|Any CPU
		{0AA6D835-7D72-447C-8EA3-CD9ACEFB60DB}.Release|x64.Build.0 = Release|Any CPU
		{0AA6D835-7D72-447C-8EA3-CD9ACEFB60DB}.Release|x86.ActiveCfg = Release|Any CPU
		{0AA6D835-7D72-447C-8EA3-CD9ACEFB60DB}.Release|x86.Build.0 = Release|Any CPU
		{9A12DE3A-F9A7-495F-AB08-7C0894BBA65C}.Debug|Any CPU.ActiveCfg = Debug|Any CPU
		{9A12DE3A-F9A7-495F-AB08-7C0894BBA65C}.Debug|Any CPU.Build.0 = Debug|Any CPU
		{9A12DE3A-F9A7-495F-AB08-7C0894BBA65C}.Debug|ARM.ActiveCfg = Debug|Any CPU
		{9A12DE3A-F9A7-495F-AB08-7C0894BBA65C}.Debug|ARM.Build.0 = Debug|Any CPU
		{9A12DE3A-F9A7-495F-AB08-7C0894BBA65C}.Debug|ARM64.ActiveCfg = Debug|Any CPU
		{9A12DE3A-F9A7-495F-AB08-7C0894BBA65C}.Debug|ARM64.Build.0 = Debug|Any CPU
		{9A12DE3A-F9A7-495F-AB08-7C0894BBA65C}.Debug|x64.ActiveCfg = Debug|Any CPU
		{9A12DE3A-F9A7-495F-AB08-7C0894BBA65C}.Debug|x64.Build.0 = Debug|Any CPU
		{9A12DE3A-F9A7-495F-AB08-7C0894BBA65C}.Debug|x86.ActiveCfg = Debug|Any CPU
		{9A12DE3A-F9A7-495F-AB08-7C0894BBA65C}.Debug|x86.Build.0 = Debug|Any CPU
		{9A12DE3A-F9A7-495F-AB08-7C0894BBA65C}.Release|Any CPU.ActiveCfg = Release|Any CPU
		{9A12DE3A-F9A7-495F-AB08-7C0894BBA65C}.Release|Any CPU.Build.0 = Release|Any CPU
		{9A12DE3A-F9A7-495F-AB08-7C0894BBA65C}.Release|ARM.ActiveCfg = Release|Any CPU
		{9A12DE3A-F9A7-495F-AB08-7C0894BBA65C}.Release|ARM.Build.0 = Release|Any CPU
		{9A12DE3A-F9A7-495F-AB08-7C0894BBA65C}.Release|ARM64.ActiveCfg = Release|Any CPU
		{9A12DE3A-F9A7-495F-AB08-7C0894BBA65C}.Release|ARM64.Build.0 = Release|Any CPU
		{9A12DE3A-F9A7-495F-AB08-7C0894BBA65C}.Release|x64.ActiveCfg = Release|Any CPU
		{9A12DE3A-F9A7-495F-AB08-7C0894BBA65C}.Release|x64.Build.0 = Release|Any CPU
		{9A12DE3A-F9A7-495F-AB08-7C0894BBA65C}.Release|x86.ActiveCfg = Release|Any CPU
		{9A12DE3A-F9A7-495F-AB08-7C0894BBA65C}.Release|x86.Build.0 = Release|Any CPU
	EndGlobalSection
	GlobalSection(SolutionProperties) = preSolution
		HideSolutionNode = FALSE
	EndGlobalSection
	GlobalSection(ExtensibilityGlobals) = postSolution
		SolutionGuid = {409C360A-8219-452E-8BCB-19294EB293C1}
	EndGlobalSection
EndGlobal
