
Microsoft Visual Studio Solution File, Format Version 12.00
# Visual Studio Version 16
VisualStudioVersion = 16.0.28407.52
MinimumVisualStudioVersion = 10.0.40219.1
Project("{FAE04EC0-301F-11D3-BF4B-00C04F79EFBC}") = "Kasay.DependencyProperty.UWP.Fody", "Kasay.DependencyProperty.UWP.Fody\Kasay.DependencyProperty.UWP.Fody.csproj", "{B21FDCB2-CCAE-4276-B0DF-DAF625E60C8F}"
EndProject
Project("{FAE04EC0-301F-11D3-BF4B-00C04F79EFBC}") = "Other", "Other\Other.csproj", "{D698CE9C-B979-4375-80BA-50126ED7C8DA}"
EndProject
Global
	GlobalSection(SolutionConfigurationPlatforms) = preSolution
		Debug|Any CPU = Debug|Any CPU
		Release|Any CPU = Release|Any CPU
	EndGlobalSection
	GlobalSection(ProjectConfigurationPlatforms) = postSolution
		{B21FDCB2-CCAE-4276-B0DF-DAF625E60C8F}.Debug|Any CPU.ActiveCfg = Debug|Any CPU
		{B21FDCB2-CCAE-4276-B0DF-DAF625E60C8F}.Debug|Any CPU.Build.0 = Debug|Any CPU
		{B21FDCB2-CCAE-4276-B0DF-DAF625E60C8F}.Release|Any CPU.ActiveCfg = Release|Any CPU
		{B21FDCB2-CCAE-4276-B0DF-DAF625E60C8F}.Release|Any CPU.Build.0 = Release|Any CPU
		{D698CE9C-B979-4375-80BA-50126ED7C8DA}.Debug|Any CPU.ActiveCfg = Debug|Any CPU
		{D698CE9C-B979-4375-80BA-50126ED7C8DA}.Debug|Any CPU.Build.0 = Debug|Any CPU
		{D698CE9C-B979-4375-80BA-50126ED7C8DA}.Release|Any CPU.ActiveCfg = Release|Any CPU
		{D698CE9C-B979-4375-80BA-50126ED7C8DA}.Release|Any CPU.Build.0 = Release|Any CPU
	EndGlobalSection
	GlobalSection(SolutionProperties) = preSolution
		HideSolutionNode = FALSE
	EndGlobalSection
	GlobalSection(ExtensibilityGlobals) = postSolution
		SolutionGuid = {409C360A-8219-452E-8BCB-19294EB293C1}
	EndGlobalSection
EndGlobal
